// !$*UTF8*$!
{
	archiveVersion = 1;
	classes = {
	};
	objectVersion = 46;
	objects = {

/* Begin PBXBuildFile section */
		8488816119FF0D4C004FE603 /* AppDelegate.swift in Sources */ = {isa = PBXBuildFile; fileRef = 8488816019FF0D4C004FE603 /* AppDelegate.swift */; };
		8488816319FF0D4C004FE603 /* ViewController.swift in Sources */ = {isa = PBXBuildFile; fileRef = 8488816219FF0D4C004FE603 /* ViewController.swift */; };
		8488816619FF0D4C004FE603 /* Main.storyboard in Resources */ = {isa = PBXBuildFile; fileRef = 8488816419FF0D4C004FE603 /* Main.storyboard */; };
		8488816819FF0D4C004FE603 /* Images.xcassets in Resources */ = {isa = PBXBuildFile; fileRef = 8488816719FF0D4C004FE603 /* Images.xcassets */; };
		8488816B19FF0D4C004FE603 /* LaunchScreen.xib in Resources */ = {isa = PBXBuildFile; fileRef = 8488816919FF0D4C004FE603 /* LaunchScreen.xib */; };
		8488817719FF0D4C004FE603 /* MathAlarmClockTests.swift in Sources */ = {isa = PBXBuildFile; fileRef = 8488817619FF0D4C004FE603 /* MathAlarmClockTests.swift */; };
/* End PBXBuildFile section */

/* Begin PBXContainerItemProxy section */
		8488817119FF0D4C004FE603 /* PBXContainerItemProxy */ = {
			isa = PBXContainerItemProxy;
			containerPortal = 8488815319FF0D4C004FE603 /* Project object */;
			proxyType = 1;
			remoteGlobalIDString = 8488815A19FF0D4C004FE603;
			remoteInfo = MathAlarmClock;
		};
/* End PBXContainerItemProxy section */

/* Begin PBXFileReference section */
		8488815B19FF0D4C004FE603 /* MathAlarmClock.app */ = {isa = PBXFileReference; explicitFileType = wrapper.application; includeInIndex = 0; path = MathAlarmClock.app; sourceTree = BUILT_PRODUCTS_DIR; };
		8488815F19FF0D4C004FE603 /* Info.plist */ = {isa = PBXFileReference; lastKnownFileType = text.plist.xml; path = Info.plist; sourceTree = "<group>"; };
		8488816019FF0D4C004FE603 /* AppDelegate.swift */ = {isa = PBXFileReference; lastKnownFileType = sourcecode.swift; path = AppDelegate.swift; sourceTree = "<group>"; };
		8488816219FF0D4C004FE603 /* ViewController.swift */ = {isa = PBXFileReference; lastKnownFileType = sourcecode.swift; path = ViewController.swift; sourceTree = "<group>"; };
		8488816519FF0D4C004FE603 /* Base */ = {isa = PBXFileReference; lastKnownFileType = file.storyboard; name = Base; path = Base.lproj/Main.storyboard; sourceTree = "<group>"; };
		8488816719FF0D4C004FE603 /* Images.xcassets */ = {isa = PBXFileReference; lastKnownFileType = folder.assetcatalog; path = Images.xcassets; sourceTree = "<group>"; };
		8488816A19FF0D4C004FE603 /* Base */ = {isa = PBXFileReference; lastKnownFileType = file.xib; name = Base; path = Base.lproj/LaunchScreen.xib; sourceTree = "<group>"; };
		8488817019FF0D4C004FE603 /* MathAlarmClockTests.xctest */ = {isa = PBXFileReference; explicitFileType = wrapper.cfbundle; includeInIndex = 0; path = MathAlarmClockTests.xctest; sourceTree = BUILT_PRODUCTS_DIR; };
		8488817519FF0D4C004FE603 /* Info.plist */ = {isa = PBXFileReference; lastKnownFileType = text.plist.xml; path = Info.plist; sourceTree = "<group>"; };
		8488817619FF0D4C004FE603 /* MathAlarmClockTests.swift */ = {isa = PBXFileReference; lastKnownFileType = sourcecode.swift; path = MathAlarmClockTests.swift; sourceTree = "<group>"; };
/* End PBXFileReference section */

/* Begin PBXFrameworksBuildPhase section */
		8488815819FF0D4C004FE603 /* Frameworks */ = {
			isa = PBXFrameworksBuildPhase;
			buildActionMask = 2147483647;
			files = (
			);
			runOnlyForDeploymentPostprocessing = 0;
		};
		8488816D19FF0D4C004FE603 /* Frameworks */ = {
			isa = PBXFrameworksBuildPhase;
			buildActionMask = 2147483647;
			files = (
			);
			runOnlyForDeploymentPostprocessing = 0;
		};
/* End PBXFrameworksBuildPhase section */

/* Begin PBXGroup section */
		8488815219FF0D4C004FE603 = {
			isa = PBXGroup;
			children = (
				8488815D19FF0D4C004FE603 /* MathAlarmClock */,
				8488817319FF0D4C004FE603 /* MathAlarmClockTests */,
				8488815C19FF0D4C004FE603 /* Products */,
			);
			sourceTree = "<group>";
		};
		8488815C19FF0D4C004FE603 /* Products */ = {
			isa = PBXGroup;
			children = (
				8488815B19FF0D4C004FE603 /* MathAlarmClock.app */,
				8488817019FF0D4C004FE603 /* MathAlarmClockTests.xctest */,
			);
			name = Products;
			sourceTree = "<group>";
		};
		8488815D19FF0D4C004FE603 /* MathAlarmClock */ = {
			isa = PBXGroup;
			children = (
				8488816019FF0D4C004FE603 /* AppDelegate.swift */,
				8488816219FF0D4C004FE603 /* ViewController.swift */,
				8488816419FF0D4C004FE603 /* Main.storyboard */,
				8488816719FF0D4C004FE603 /* Images.xcassets */,
				8488816919FF0D4C004FE603 /* LaunchScreen.xib */,
				8488815E19FF0D4C004FE603 /* Supporting Files */,
			);
			path = MathAlarmClock;
			sourceTree = "<group>";
		};
		8488815E19FF0D4C004FE603 /* Supporting Files */ = {
			isa = PBXGroup;
			children = (
				8488815F19FF0D4C004FE603 /* Info.plist */,
			);
			name = "Supporting Files";
			sourceTree = "<group>";
		};
		8488817319FF0D4C004FE603 /* MathAlarmClockTests */ = {
			isa = PBXGroup;
			children = (
				8488817619FF0D4C004FE603 /* MathAlarmClockTests.swift */,
				8488817419FF0D4C004FE603 /* Supporting Files */,
			);
			path = MathAlarmClockTests;
			sourceTree = "<group>";
		};
		8488817419FF0D4C004FE603 /* Supporting Files */ = {
			isa = PBXGroup;
			children = (
				8488817519FF0D4C004FE603 /* Info.plist */,
			);
			name = "Supporting Files";
			sourceTree = "<group>";
		};
/* End PBXGroup section */

/* Begin PBXNativeTarget section */
		8488815A19FF0D4C004FE603 /* MathAlarmClock */ = {
			isa = PBXNativeTarget;
			buildConfigurationList = 8488817A19FF0D4C004FE603 /* Build configuration list for PBXNativeTarget "MathAlarmClock" */;
			buildPhases = (
				8488815719FF0D4C004FE603 /* Sources */,
				8488815819FF0D4C004FE603 /* Frameworks */,
				8488815919FF0D4C004FE603 /* Resources */,
			);
			buildRules = (
			);
			dependencies = (
			);
			name = MathAlarmClock;
			productName = MathAlarmClock;
			productReference = 8488815B19FF0D4C004FE603 /* MathAlarmClock.app */;
			productType = "com.apple.product-type.application";
		};
		8488816F19FF0D4C004FE603 /* MathAlarmClockTests */ = {
			isa = PBXNativeTarget;
			buildConfigurationList = 8488817D19FF0D4C004FE603 /* Build configuration list for PBXNativeTarget "MathAlarmClockTests" */;
			buildPhases = (
				8488816C19FF0D4C004FE603 /* Sources */,
				8488816D19FF0D4C004FE603 /* Frameworks */,
				8488816E19FF0D4C004FE603 /* Resources */,
			);
			buildRules = (
			);
			dependencies = (
				8488817219FF0D4C004FE603 /* PBXTargetDependency */,
			);
			name = MathAlarmClockTests;
			productName = MathAlarmClockTests;
			productReference = 8488817019FF0D4C004FE603 /* MathAlarmClockTests.xctest */;
			productType = "com.apple.product-type.bundle.unit-test";
		};
/* End PBXNativeTarget section */

/* Begin PBXProject section */
		8488815319FF0D4C004FE603 /* Project object */ = {
			isa = PBXProject;
			attributes = {
				LastUpgradeCheck = 0610;
				ORGANIZATIONNAME = KTKTC;
				TargetAttributes = {
					8488815A19FF0D4C004FE603 = {
						CreatedOnToolsVersion = 6.1;
					};
					8488816F19FF0D4C004FE603 = {
						CreatedOnToolsVersion = 6.1;
						TestTargetID = 8488815A19FF0D4C004FE603;
					};
				};
			};
			buildConfigurationList = 8488815619FF0D4C004FE603 /* Build configuration list for PBXProject "MathAlarmClock" */;
			compatibilityVersion = "Xcode 3.2";
			developmentRegion = English;
			hasScannedForEncodings = 0;
			knownRegions = (
				en,
				Base,
			);
			mainGroup = 8488815219FF0D4C004FE603;
			productRefGroup = 8488815C19FF0D4C004FE603 /* Products */;
			projectDirPath = "";
			projectRoot = "";
			targets = (
				8488815A19FF0D4C004FE603 /* MathAlarmClock */,
				8488816F19FF0D4C004FE603 /* MathAlarmClockTests */,
			);
		};
/* End PBXProject section */

/* Begin PBXResourcesBuildPhase section */
		8488815919FF0D4C004FE603 /* Resources */ = {
			isa = PBXResourcesBuildPhase;
			buildActionMask = 2147483647;
			files = (
				8488816619FF0D4C004FE603 /* Main.storyboard in Resources */,
				8488816B19FF0D4C004FE603 /* LaunchScreen.xib in Resources */,
				8488816819FF0D4C004FE603 /* Images.xcassets in Resources */,
			);
			runOnlyForDeploymentPostprocessing = 0;
		};
		8488816E19FF0D4C004FE603 /* Resources */ = {
			isa = PBXResourcesBuildPhase;
			buildActionMask = 2147483647;
			files = (
			);
			runOnlyForDeploymentPostprocessing = 0;
		};
/* End PBXResourcesBuildPhase section */

/* Begin PBXSourcesBuildPhase section */
		8488815719FF0D4C004FE603 /* Sources */ = {
			isa = PBXSourcesBuildPhase;
			buildActionMask = 2147483647;
			files = (
				8488816319FF0D4C004FE603 /* ViewController.swift in Sources */,
				8488816119FF0D4C004FE603 /* AppDelegate.swift in Sources */,
			);
			runOnlyForDeploymentPostprocessing = 0;
		};
		8488816C19FF0D4C004FE603 /* Sources */ = {
			isa = PBXSourcesBuildPhase;
			buildActionMask = 2147483647;
			files = (
				8488817719FF0D4C004FE603 /* MathAlarmClockTests.swift in Sources */,
			);
			runOnlyForDeploymentPostprocessing = 0;
		};
/* End PBXSourcesBuildPhase section */

/* Begin PBXTargetDependency section */
		8488817219FF0D4C004FE603 /* PBXTargetDependency */ = {
			isa = PBXTargetDependency;
			target = 8488815A19FF0D4C004FE603 /* MathAlarmClock */;
			targetProxy = 8488817119FF0D4C004FE603 /* PBXContainerItemProxy */;
		};
/* End PBXTargetDependency section */

/* Begin PBXVariantGroup section */
		8488816419FF0D4C004FE603 /* Main.storyboard */ = {
			isa = PBXVariantGroup;
			children = (
				8488816519FF0D4C004FE603 /* Base */,
			);
			name = Main.storyboard;
			sourceTree = "<group>";
		};
		8488816919FF0D4C004FE603 /* LaunchScreen.xib */ = {
			isa = PBXVariantGroup;
			children = (
				8488816A19FF0D4C004FE603 /* Base */,
			);
			name = LaunchScreen.xib;
			sourceTree = "<group>";
		};
/* End PBXVariantGroup section */

/* Begin XCBuildConfiguration section */
		8488817819FF0D4C004FE603 /* Debug */ = {
			isa = XCBuildConfiguration;
			buildSettings = {
				ALWAYS_SEARCH_USER_PATHS = NO;
				CLANG_CXX_LANGUAGE_STANDARD = "gnu++0x";
				CLANG_CXX_LIBRARY = "libc++";
				CLANG_ENABLE_MODULES = YES;
				CLANG_ENABLE_OBJC_ARC = YES;
				CLANG_WARN_BOOL_CONVERSION = YES;
				CLANG_WARN_CONSTANT_CONVERSION = YES;
				CLANG_WARN_DIRECT_OBJC_ISA_USAGE = YES_ERROR;
				CLANG_WARN_EMPTY_BODY = YES;
				CLANG_WARN_ENUM_CONVERSION = YES;
				CLANG_WARN_INT_CONVERSION = YES;
				CLANG_WARN_OBJC_ROOT_CLASS = YES_ERROR;
				CLANG_WARN_UNREACHABLE_CODE = YES;
				CLANG_WARN__DUPLICATE_METHOD_MATCH = YES;
				"CODE_SIGN_IDENTITY[sdk=iphoneos*]" = "iPhone Developer";
				COPY_PHASE_STRIP = NO;
				ENABLE_STRICT_OBJC_MSGSEND = YES;
				GCC_C_LANGUAGE_STANDARD = gnu99;
				GCC_DYNAMIC_NO_PIC = NO;
				GCC_OPTIMIZATION_LEVEL = 0;
				GCC_PREPROCESSOR_DEFINITIONS = (
					"DEBUG=1",
					"$(inherited)",
				);
				GCC_SYMBOLS_PRIVATE_EXTERN = NO;
				GCC_WARN_64_TO_32_BIT_CONVERSION = YES;
				GCC_WARN_ABOUT_RETURN_TYPE = YES_ERROR;
				GCC_WARN_UNDECLARED_SELECTOR = YES;
				GCC_WARN_UNINITIALIZED_AUTOS = YES_AGGRESSIVE;
				GCC_WARN_UNUSED_FUNCTION = YES;
				GCC_WARN_UNUSED_VARIABLE = YES;
				IPHONEOS_DEPLOYMENT_TARGET = 8.1;
				MTL_ENABLE_DEBUG_INFO = YES;
				ONLY_ACTIVE_ARCH = YES;
				SDKROOT = iphoneos;
				SWIFT_OPTIMIZATION_LEVEL = "-Onone";
			};
			name = Debug;
		};
		8488817919FF0D4C004FE603 /* Release */ = {
			isa = XCBuildConfiguration;
			buildSettings = {
				ALWAYS_SEARCH_USER_PATHS = NO;
				CLANG_CXX_LANGUAGE_STANDARD = "gnu++0x";
				CLANG_CXX_LIBRARY = "libc++";
				CLANG_ENABLE_MODULES = YES;
				CLANG_ENABLE_OBJC_ARC = YES;
				CLANG_WARN_BOOL_CONVERSION = YES;
				CLANG_WARN_CONSTANT_CONVERSION = YES;
				CLANG_WARN_DIRECT_OBJC_ISA_USAGE = YES_ERROR;
				CLANG_WARN_EMPTY_BODY = YES;
				CLANG_WARN_ENUM_CONVERSION = YES;
				CLANG_WARN_INT_CONVERSION = YES;
				CLANG_WARN_OBJC_ROOT_CLASS = YES_ERROR;
				CLANG_WARN_UNREACHABLE_CODE = YES;
				CLANG_WARN__DUPLICATE_METHOD_MATCH = YES;
				"CODE_SIGN_IDENTITY[sdk=iphoneos*]" = "iPhone Developer";
				COPY_PHASE_STRIP = YES;
				ENABLE_NS_ASSERTIONS = NO;
				ENABLE_STRICT_OBJC_MSGSEND = YES;
				GCC_C_LANGUAGE_STANDARD = gnu99;
				GCC_WARN_64_TO_32_BIT_CONVERSION = YES;
				GCC_WARN_ABOUT_RETURN_TYPE = YES_ERROR;
				GCC_WARN_UNDECLARED_SELECTOR = YES;
				GCC_WARN_UNINITIALIZED_AUTOS = YES_AGGRESSIVE;
				GCC_WARN_UNUSED_FUNCTION = YES;
				GCC_WARN_UNUSED_VARIABLE = YES;
				IPHONEOS_DEPLOYMENT_TARGET = 8.1;
				MTL_ENABLE_DEBUG_INFO = NO;
				SDKROOT = iphoneos;
				VALIDATE_PRODUCT = YES;
			};
			name = Release;
		};
		8488817B19FF0D4C004FE603 /* Debug */ = {
			isa = XCBuildConfiguration;
			buildSettings = {
				ASSETCATALOG_COMPILER_APPICON_NAME = AppIcon;
				INFOPLIST_FILE = MathAlarmClock/Info.plist;
				LD_RUNPATH_SEARCH_PATHS = "$(inherited) @executable_path/Frameworks";
				PRODUCT_NAME = "$(TARGET_NAME)";
			};
			name = Debug;
		};
		8488817C19FF0D4C004FE603 /* Release */ = {
			isa = XCBuildConfiguration;
			buildSettings = {
				ASSETCATALOG_COMPILER_APPICON_NAME = AppIcon;
				INFOPLIST_FILE = MathAlarmClock/Info.plist;
				LD_RUNPATH_SEARCH_PATHS = "$(inherited) @executable_path/Frameworks";
				PRODUCT_NAME = "$(TARGET_NAME)";
			};
			name = Release;
		};
		8488817E19FF0D4C004FE603 /* Debug */ = {
			isa = XCBuildConfiguration;
			buildSettings = {
				BUNDLE_LOADER = "$(TEST_HOST)";
				FRAMEWORK_SEARCH_PATHS = (
					"$(SDKROOT)/Developer/Library/Frameworks",
					"$(inherited)",
				);
				GCC_PREPROCESSOR_DEFINITIONS = (
					"DEBUG=1",
					"$(inherited)",
				);
				INFOPLIST_FILE = MathAlarmClockTests/Info.plist;
				LD_RUNPATH_SEARCH_PATHS = "$(inherited) @executable_path/Frameworks @loader_path/Frameworks";
				PRODUCT_NAME = "$(TARGET_NAME)";
				TEST_HOST = "$(BUILT_PRODUCTS_DIR)/MathAlarmClock.app/MathAlarmClock";
			};
			name = Debug;
		};
		8488817F19FF0D4C004FE603 /* Release */ = {
			isa = XCBuildConfiguration;
			buildSettings = {
				BUNDLE_LOADER = "$(TEST_HOST)";
				FRAMEWORK_SEARCH_PATHS = (
					"$(SDKROOT)/Developer/Library/Frameworks",
					"$(inherited)",
				);
				INFOPLIST_FILE = MathAlarmClockTests/Info.plist;
				LD_RUNPATH_SEARCH_PATHS = "$(inherited) @executable_path/Frameworks @loader_path/Frameworks";
				PRODUCT_NAME = "$(TARGET_NAME)";
				TEST_HOST = "$(BUILT_PRODUCTS_DIR)/MathAlarmClock.app/MathAlarmClock";
			};
			name = Release;
		};
/* End XCBuildConfiguration section */

/* Begin XCConfigurationList section */
		8488815619FF0D4C004FE603 /* Build configuration list for PBXProject "MathAlarmClock" */ = {
			isa = XCConfigurationList;
			buildConfigurations = (
				8488817819FF0D4C004FE603 /* Debug */,
				8488817919FF0D4C004FE603 /* Release */,
			);
			defaultConfigurationIsVisible = 0;
			defaultConfigurationName = Release;
		};
		8488817A19FF0D4C004FE603 /* Build configuration list for PBXNativeTarget "MathAlarmClock" */ = {
			isa = XCConfigurationList;
			buildConfigurations = (
				8488817B19FF0D4C004FE603 /* Debug */,
				8488817C19FF0D4C004FE603 /* Release */,
			);
			defaultConfigurationIsVisible = 0;
		};
		8488817D19FF0D4C004FE603 /* Build configuration list for PBXNativeTarget "MathAlarmClockTests" */ = {
			isa = XCConfigurationList;
			buildConfigurations = (
				8488817E19FF0D4C004FE603 /* Debug */,
				8488817F19FF0D4C004FE603 /* Release */,
			);
			defaultConfigurationIsVisible = 0;
		};
/* End XCConfigurationList section */
	};
	rootObject = 8488815319FF0D4C004FE603 /* Project object */;
}
